{
  "version": "5",
  "specifiers": {
    "npm:handcraft@next": "0.17.0-beta.2"
  },
  "npm": {
    "handcraft@0.17.0-beta.2": {
      "integrity": "sha512-kKjTkoMM9zwdXnQhXG09ixvmYdh37ctSkkAcr8yl+S+qJu78yDbWtf6bvgDAtxHwaaqA8a663m8ciPVjbGT+1Q=="
    }
  },
  "workspace": {
    "dependencies": [
      "npm:handcraft@next"
    ]
  }
}
